// !$*UTF8*$!
{
	archiveVersion = 1;
	classes = {
	};
	objectVersion = 46;
	objects = {

/* Begin PBXBuildFile section */
		2157F75E1E87349F00847E4C /* BlockchainInfoViewController.swift in Sources */ = {isa = PBXBuildFile; fileRef = 2157F75D1E87349F00847E4C /* BlockchainInfoViewController.swift */; };
		2157F7611E8851CD00847E4C /* TaskQueue.swift in Sources */ = {isa = PBXBuildFile; fileRef = 2157F7601E8851CD00847E4C /* TaskQueue.swift */; };
		FA07DB401E84CDBD00FEC042 /* Tokens.swift in Sources */ = {isa = PBXBuildFile; fileRef = FA07DB3F1E84CDBD00FEC042 /* Tokens.swift */; };
		FA520AE41E6CC62D00AABE68 /* AppDelegate.swift in Sources */ = {isa = PBXBuildFile; fileRef = FA520AE31E6CC62D00AABE68 /* AppDelegate.swift */; };
		FA520AE91E6CC62D00AABE68 /* lnd_gui.xcdatamodeld in Sources */ = {isa = PBXBuildFile; fileRef = FA520AE71E6CC62D00AABE68 /* lnd_gui.xcdatamodeld */; };
		FA520AEB1E6CC62D00AABE68 /* Assets.xcassets in Resources */ = {isa = PBXBuildFile; fileRef = FA520AEA1E6CC62D00AABE68 /* Assets.xcassets */; };
		FA520AEE1E6CC62D00AABE68 /* Main.storyboard in Resources */ = {isa = PBXBuildFile; fileRef = FA520AEC1E6CC62D00AABE68 /* Main.storyboard */; };
		FA520B121E6CC82B00AABE68 /* MainTabViewController.swift in Sources */ = {isa = PBXBuildFile; fileRef = FA520B111E6CC82B00AABE68 /* MainTabViewController.swift */; };
		FA520B151E6CCF1900AABE68 /* MainWindowController.swift in Sources */ = {isa = PBXBuildFile; fileRef = FA520B141E6CCF1900AABE68 /* MainWindowController.swift */; };
		FA520B171E6CDB1F00AABE68 /* SendViewController.swift in Sources */ = {isa = PBXBuildFile; fileRef = FA520B161E6CDB1F00AABE68 /* SendViewController.swift */; };
		FA65A3731EA291D1002B2A17 /* Peer.swift in Sources */ = {isa = PBXBuildFile; fileRef = FA65A3721EA291D1002B2A17 /* Peer.swift */; };
		FA65A3751EA2965B002B2A17 /* Transaction.swift in Sources */ = {isa = PBXBuildFile; fileRef = FA65A3741EA2965B002B2A17 /* Transaction.swift */; };
		FA65A3771EA3239C002B2A17 /* Connection.swift in Sources */ = {isa = PBXBuildFile; fileRef = FA65A3761EA3239C002B2A17 /* Connection.swift */; };
		FA65A3791EA3246B002B2A17 /* Channel.swift in Sources */ = {isa = PBXBuildFile; fileRef = FA65A3781EA3246B002B2A17 /* Channel.swift */; };
		FA65A37B1EA32918002B2A17 /* Outpoint.swift in Sources */ = {isa = PBXBuildFile; fileRef = FA65A37A1EA32918002B2A17 /* Outpoint.swift */; };
		FA65A37D1EA3292B002B2A17 /* TransactionHash.swift in Sources */ = {isa = PBXBuildFile; fileRef = FA65A37C1EA3292B002B2A17 /* TransactionHash.swift */; };
		FA65A3801EA32A60002B2A17 /* PublicKey.swift in Sources */ = {isa = PBXBuildFile; fileRef = FA65A37F1EA32A60002B2A17 /* PublicKey.swift */; };
		FA6907661E76199C00F8A0F7 /* ReceiveViewController.swift in Sources */ = {isa = PBXBuildFile; fileRef = FA6907641E76199C00F8A0F7 /* ReceiveViewController.swift */; };
		FA759F9F1E6E74C70024DF80 /* MainViewController.swift in Sources */ = {isa = PBXBuildFile; fileRef = FA759F9D1E6E74C70024DF80 /* MainViewController.swift */; };
		FA7857EC1E91CE7800E834D3 /* ReceivedPayment.swift in Sources */ = {isa = PBXBuildFile; fileRef = FA7857EB1E91CE7800E834D3 /* ReceivedPayment.swift */; };
		FA7857EE1E91F41A00E834D3 /* Invoice.swift in Sources */ = {isa = PBXBuildFile; fileRef = FA7857ED1E91F41A00E834D3 /* Invoice.swift */; };
		FA7A72241E94A1FD000DA993 /* ConnectionsViewController.swift in Sources */ = {isa = PBXBuildFile; fileRef = FA7A72231E94A1FD000DA993 /* ConnectionsViewController.swift */; };
		FA9C756D1EA86EFF00B881AF /* AddPeerViewController.swift in Sources */ = {isa = PBXBuildFile; fileRef = FA9C756B1EA86EFF00B881AF /* AddPeerViewController.swift */; };
		FABF354D1EB8286C00D8AC13 /* TransactionStatusCell.swift in Sources */ = {isa = PBXBuildFile; fileRef = FABF354C1EB8286C00D8AC13 /* TransactionStatusCell.swift */; };
		FADD7C9B1EA5C49B00FEA12C /* ChainWalletViewController.swift in Sources */ = {isa = PBXBuildFile; fileRef = FADD7C991EA5C49B00FEA12C /* ChainWalletViewController.swift */; };
		FAEDC31B1EB503B5007DE94F /* String+asDataFromHexEncoding.swift in Sources */ = {isa = PBXBuildFile; fileRef = FAEDC31A1EB503B5007DE94F /* String+asDataFromHexEncoding.swift */; };
		FAEDC31D1EB5080C007DE94F /* Data+asHexString.swift in Sources */ = {isa = PBXBuildFile; fileRef = FAEDC31C1EB5080C007DE94F /* Data+asHexString.swift */; };
		FAEDC31F1EB50AAD007DE94F /* README.md in Sources */ = {isa = PBXBuildFile; fileRef = FAEDC31E1EB50AAD007DE94F /* README.md */; };
		FAEE139D1E748571005B7A55 /* TransactionsViewController.swift in Sources */ = {isa = PBXBuildFile; fileRef = FAEE139C1E748571005B7A55 /* TransactionsViewController.swift */; };
		FAF93BB41EABE49600864A6F /* libz.tbd in Frameworks */ = {isa = PBXBuildFile; fileRef = FAF93BB31EABE49600864A6F /* libz.tbd */; };
		FAF93BB61EABE4C600864A6F /* WebSocket.swift in Sources */ = {isa = PBXBuildFile; fileRef = FAF93BB51EABE4C600864A6F /* WebSocket.swift */; };
/* End PBXBuildFile section */

/* Begin PBXFileReference section */
		2157F75D1E87349F00847E4C /* BlockchainInfoViewController.swift */ = {isa = PBXFileReference; fileEncoding = 4; lastKnownFileType = sourcecode.swift; path = BlockchainInfoViewController.swift; sourceTree = "<group>"; };
		2157F7601E8851CD00847E4C /* TaskQueue.swift */ = {isa = PBXFileReference; fileEncoding = 4; lastKnownFileType = sourcecode.swift; name = TaskQueue.swift; path = Vendor/TaskQueue.swift; sourceTree = "<group>"; };
		FA07DB3F1E84CDBD00FEC042 /* Tokens.swift */ = {isa = PBXFileReference; fileEncoding = 4; lastKnownFileType = sourcecode.swift; path = Tokens.swift; sourceTree = "<group>"; };
		FA520AE01E6CC62D00AABE68 /* lnd-gui.app */ = {isa = PBXFileReference; explicitFileType = wrapper.application; includeInIndex = 0; path = "lnd-gui.app"; sourceTree = BUILT_PRODUCTS_DIR; };
		FA520AE31E6CC62D00AABE68 /* AppDelegate.swift */ = {isa = PBXFileReference; lastKnownFileType = sourcecode.swift; path = AppDelegate.swift; sourceTree = "<group>"; };
		FA520AE81E6CC62D00AABE68 /* lnd_gui.xcdatamodel */ = {isa = PBXFileReference; lastKnownFileType = wrapper.xcdatamodel; path = lnd_gui.xcdatamodel; sourceTree = "<group>"; };
		FA520AEA1E6CC62D00AABE68 /* Assets.xcassets */ = {isa = PBXFileReference; lastKnownFileType = folder.assetcatalog; path = Assets.xcassets; sourceTree = "<group>"; };
		FA520AED1E6CC62D00AABE68 /* Base */ = {isa = PBXFileReference; lastKnownFileType = file.storyboard; name = Base; path = Base.lproj/Main.storyboard; sourceTree = "<group>"; };
		FA520AEF1E6CC62D00AABE68 /* Info.plist */ = {isa = PBXFileReference; lastKnownFileType = text.plist.xml; path = Info.plist; sourceTree = "<group>"; };
		FA520B111E6CC82B00AABE68 /* MainTabViewController.swift */ = {isa = PBXFileReference; fileEncoding = 4; lastKnownFileType = sourcecode.swift; name = MainTabViewController.swift; path = NavigationControllers/MainTabViewController.swift; sourceTree = "<group>"; };
		FA520B141E6CCF1900AABE68 /* MainWindowController.swift */ = {isa = PBXFileReference; fileEncoding = 4; lastKnownFileType = sourcecode.swift; path = MainWindowController.swift; sourceTree = "<group>"; };
		FA520B161E6CDB1F00AABE68 /* SendViewController.swift */ = {isa = PBXFileReference; fileEncoding = 4; lastKnownFileType = sourcecode.swift; name = SendViewController.swift; path = ViewControllers/SendViewController.swift; sourceTree = "<group>"; };
		FA65A3721EA291D1002B2A17 /* Peer.swift */ = {isa = PBXFileReference; fileEncoding = 4; lastKnownFileType = sourcecode.swift; path = Peer.swift; sourceTree = "<group>"; };
		FA65A3741EA2965B002B2A17 /* Transaction.swift */ = {isa = PBXFileReference; fileEncoding = 4; lastKnownFileType = sourcecode.swift; path = Transaction.swift; sourceTree = "<group>"; };
		FA65A3761EA3239C002B2A17 /* Connection.swift */ = {isa = PBXFileReference; fileEncoding = 4; lastKnownFileType = sourcecode.swift; path = Connection.swift; sourceTree = "<group>"; };
		FA65A3781EA3246B002B2A17 /* Channel.swift */ = {isa = PBXFileReference; fileEncoding = 4; lastKnownFileType = sourcecode.swift; name = Channel.swift; path = Lightning/Channel.swift; sourceTree = "<group>"; };
		FA65A37A1EA32918002B2A17 /* Outpoint.swift */ = {isa = PBXFileReference; fileEncoding = 4; lastKnownFileType = sourcecode.swift; name = Outpoint.swift; path = Blockchain/Outpoint.swift; sourceTree = "<group>"; };
		FA65A37C1EA3292B002B2A17 /* TransactionHash.swift */ = {isa = PBXFileReference; fileEncoding = 4; lastKnownFileType = sourcecode.swift; path = TransactionHash.swift; sourceTree = "<group>"; };
		FA65A37F1EA32A60002B2A17 /* PublicKey.swift */ = {isa = PBXFileReference; fileEncoding = 4; lastKnownFileType = sourcecode.swift; path = PublicKey.swift; sourceTree = "<group>"; };
		FA6907641E76199C00F8A0F7 /* ReceiveViewController.swift */ = {isa = PBXFileReference; fileEncoding = 4; lastKnownFileType = sourcecode.swift; path = ReceiveViewController.swift; sourceTree = "<group>"; };
		FA759F9D1E6E74C70024DF80 /* MainViewController.swift */ = {isa = PBXFileReference; fileEncoding = 4; lastKnownFileType = sourcecode.swift; name = MainViewController.swift; path = ViewControllers/MainViewController.swift; sourceTree = "<group>"; };
		FA7857EB1E91CE7800E834D3 /* ReceivedPayment.swift */ = {isa = PBXFileReference; fileEncoding = 4; lastKnownFileType = sourcecode.swift; name = ReceivedPayment.swift; path = Lightning/ReceivedPayment.swift; sourceTree = "<group>"; };
		FA7857ED1E91F41A00E834D3 /* Invoice.swift */ = {isa = PBXFileReference; fileEncoding = 4; lastKnownFileType = sourcecode.swift; path = Invoice.swift; sourceTree = "<group>"; };
		FA7A72231E94A1FD000DA993 /* ConnectionsViewController.swift */ = {isa = PBXFileReference; fileEncoding = 4; lastKnownFileType = sourcecode.swift; path = ConnectionsViewController.swift; sourceTree = "<group>"; };
		FA9C756B1EA86EFF00B881AF /* AddPeerViewController.swift */ = {isa = PBXFileReference; fileEncoding = 4; lastKnownFileType = sourcecode.swift; path = AddPeerViewController.swift; sourceTree = "<group>"; };
		FABF354C1EB8286C00D8AC13 /* TransactionStatusCell.swift */ = {isa = PBXFileReference; fileEncoding = 4; lastKnownFileType = sourcecode.swift; name = TransactionStatusCell.swift; path = Views/TransactionStatusCell.swift; sourceTree = "<group>"; };
		FADD7C991EA5C49B00FEA12C /* ChainWalletViewController.swift */ = {isa = PBXFileReference; fileEncoding = 4; lastKnownFileType = sourcecode.swift; name = ChainWalletViewController.swift; path = ViewControllers/ChainWalletViewController.swift; sourceTree = "<group>"; };
		FAEDC31A1EB503B5007DE94F /* String+asDataFromHexEncoding.swift */ = {isa = PBXFileReference; fileEncoding = 4; lastKnownFileType = sourcecode.swift; name = "String+asDataFromHexEncoding.swift"; path = "Types/String+asDataFromHexEncoding.swift"; sourceTree = "<group>"; };
		FAEDC31C1EB5080C007DE94F /* Data+asHexString.swift */ = {isa = PBXFileReference; fileEncoding = 4; lastKnownFileType = sourcecode.swift; path = "Data+asHexString.swift"; sourceTree = "<group>"; };
		FAEDC31E1EB50AAD007DE94F /* README.md */ = {isa = PBXFileReference; fileEncoding = 4; lastKnownFileType = net.daringfireball.markdown; path = README.md; sourceTree = "<group>"; };
		FAEE139C1E748571005B7A55 /* TransactionsViewController.swift */ = {isa = PBXFileReference; fileEncoding = 4; lastKnownFileType = sourcecode.swift; name = TransactionsViewController.swift; path = ViewControllers/TransactionsViewController.swift; sourceTree = "<group>"; };
		FAF93BB31EABE49600864A6F /* libz.tbd */ = {isa = PBXFileReference; lastKnownFileType = "sourcecode.text-based-dylib-definition"; name = libz.tbd; path = usr/lib/libz.tbd; sourceTree = SDKROOT; };
		FAF93BB51EABE4C600864A6F /* WebSocket.swift */ = {isa = PBXFileReference; fileEncoding = 4; lastKnownFileType = sourcecode.swift; path = WebSocket.swift; sourceTree = "<group>"; };
/* End PBXFileReference section */

/* Begin PBXFrameworksBuildPhase section */
		FA520ADD1E6CC62D00AABE68 /* Frameworks */ = {
			isa = PBXFrameworksBuildPhase;
			buildActionMask = 2147483647;
			files = (
				FAF93BB41EABE49600864A6F /* libz.tbd in Frameworks */,
			);
			runOnlyForDeploymentPostprocessing = 0;
		};
/* End PBXFrameworksBuildPhase section */

/* Begin PBXGroup section */
		2157F75F1E8851BB00847E4C /* Vendor */ = {
			isa = PBXGroup;
			children = (
				2157F7601E8851CD00847E4C /* TaskQueue.swift */,
				FAF93BB51EABE4C600864A6F /* WebSocket.swift */,
			);
			name = Vendor;
			sourceTree = "<group>";
		};
		FA07DB3E1E84CCE800FEC042 /* Blockchain */ = {
			isa = PBXGroup;
			children = (
				FA65A37A1EA32918002B2A17 /* Outpoint.swift */,
				FA07DB3F1E84CDBD00FEC042 /* Tokens.swift */,
				FA65A37C1EA3292B002B2A17 /* TransactionHash.swift */,
			);
			name = Blockchain;
			sourceTree = "<group>";
		};
		FA520AD71E6CC62D00AABE68 = {
			isa = PBXGroup;
			children = (
				FAEDC31E1EB50AAD007DE94F /* README.md */,
				FA520AE21E6CC62D00AABE68 /* lnd-gui */,
				FA520AE11E6CC62D00AABE68 /* Products */,
				FAF93BB21EABE49600864A6F /* Frameworks */,
			);
			sourceTree = "<group>";
		};
		FA520AE11E6CC62D00AABE68 /* Products */ = {
			isa = PBXGroup;
			children = (
				FA520AE01E6CC62D00AABE68 /* lnd-gui.app */,
			);
			name = Products;
			sourceTree = "<group>";
		};
		FA520AE21E6CC62D00AABE68 /* lnd-gui */ = {
			isa = PBXGroup;
			children = (
				FA520AE31E6CC62D00AABE68 /* AppDelegate.swift */,
				FA520AEA1E6CC62D00AABE68 /* Assets.xcassets */,
				FA07DB3E1E84CCE800FEC042 /* Blockchain */,
				FA65A37E1EA32A49002B2A17 /* Crypto */,
				FA520AEF1E6CC62D00AABE68 /* Info.plist */,
				FA7857EA1E91CE5E00E834D3 /* Lightning */,
				FA520AE71E6CC62D00AABE68 /* lnd_gui.xcdatamodeld */,
				FA520AEC1E6CC62D00AABE68 /* Main.storyboard */,
				FA520B131E6CC83200AABE68 /* NavigationControllers */,
				FAEDC3191EB5038D007DE94F /* Types */,
				2157F75F1E8851BB00847E4C /* Vendor */,
				FA520B181E6CDB2400AABE68 /* ViewControllers */,
				FABF354B1EB8284D00D8AC13 /* Views */,
			);
			path = "lnd-gui";
			sourceTree = "<group>";
		};
		FA520B131E6CC83200AABE68 /* NavigationControllers */ = {
			isa = PBXGroup;
			children = (
				FA520B111E6CC82B00AABE68 /* MainTabViewController.swift */,
				FA520B141E6CCF1900AABE68 /* MainWindowController.swift */,
			);
			name = NavigationControllers;
			sourceTree = "<group>";
		};
		FA520B181E6CDB2400AABE68 /* ViewControllers */ = {
			isa = PBXGroup;
			children = (
				FA9C756B1EA86EFF00B881AF /* AddPeerViewController.swift */,
				2157F75D1E87349F00847E4C /* BlockchainInfoViewController.swift */,
				FADD7C991EA5C49B00FEA12C /* ChainWalletViewController.swift */,
				FA7A72231E94A1FD000DA993 /* ConnectionsViewController.swift */,
				FA759F9D1E6E74C70024DF80 /* MainViewController.swift */,
				FA6907641E76199C00F8A0F7 /* ReceiveViewController.swift */,
				FA520B161E6CDB1F00AABE68 /* SendViewController.swift */,
				FAEE139C1E748571005B7A55 /* TransactionsViewController.swift */,
			);
			name = ViewControllers;
			sourceTree = "<group>";
		};
		FA65A37E1EA32A49002B2A17 /* Crypto */ = {
			isa = PBXGroup;
			children = (
				FA65A37F1EA32A60002B2A17 /* PublicKey.swift */,
			);
			name = Crypto;
			sourceTree = "<group>";
		};
		FA7857EA1E91CE5E00E834D3 /* Lightning */ = {
			isa = PBXGroup;
			children = (
				FA65A3781EA3246B002B2A17 /* Channel.swift */,
				FA65A3761EA3239C002B2A17 /* Connection.swift */,
				FA7857ED1E91F41A00E834D3 /* Invoice.swift */,
				FA65A3721EA291D1002B2A17 /* Peer.swift */,
				FA7857EB1E91CE7800E834D3 /* ReceivedPayment.swift */,
				FA65A3741EA2965B002B2A17 /* Transaction.swift */,
			);
			name = Lightning;
			sourceTree = "<group>";
		};
		FABF354B1EB8284D00D8AC13 /* Views */ = {
			isa = PBXGroup;
			children = (
				FABF354C1EB8286C00D8AC13 /* TransactionStatusCell.swift */,
			);
			name = Views;
			sourceTree = "<group>";
		};
		FAEDC3191EB5038D007DE94F /* Types */ = {
			isa = PBXGroup;
			children = (
				FAEDC31C1EB5080C007DE94F /* Data+asHexString.swift */,
				FAEDC31A1EB503B5007DE94F /* String+asDataFromHexEncoding.swift */,
			);
			name = Types;
			sourceTree = "<group>";
		};
		FAF93BB21EABE49600864A6F /* Frameworks */ = {
			isa = PBXGroup;
			children = (
				FAF93BB31EABE49600864A6F /* libz.tbd */,
			);
			name = Frameworks;
			sourceTree = "<group>";
		};
/* End PBXGroup section */

/* Begin PBXNativeTarget section */
		FA520ADF1E6CC62D00AABE68 /* lnd-gui */ = {
			isa = PBXNativeTarget;
			buildConfigurationList = FA520B081E6CC62D00AABE68 /* Build configuration list for PBXNativeTarget "lnd-gui" */;
			buildPhases = (
				FA520ADC1E6CC62D00AABE68 /* Sources */,
				FA520ADD1E6CC62D00AABE68 /* Frameworks */,
				FA520ADE1E6CC62D00AABE68 /* Resources */,
			);
			buildRules = (
			);
			dependencies = (
			);
			name = "lnd-gui";
			productName = "lnd-gui";
			productReference = FA520AE01E6CC62D00AABE68 /* lnd-gui.app */;
			productType = "com.apple.product-type.application";
		};
/* End PBXNativeTarget section */

/* Begin PBXProject section */
		FA520AD81E6CC62D00AABE68 /* Project object */ = {
			isa = PBXProject;
			attributes = {
				LastSwiftUpdateCheck = 0820;
				LastUpgradeCheck = 0820;
				ORGANIZATIONNAME = Adylitica;
				TargetAttributes = {
					FA520ADF1E6CC62D00AABE68 = {
						CreatedOnToolsVersion = 8.2.1;
						DevelopmentTeam = 726K4AHK5D;
						ProvisioningStyle = Automatic;
					};
				};
			};
			buildConfigurationList = FA520ADB1E6CC62D00AABE68 /* Build configuration list for PBXProject "lnd-gui" */;
			compatibilityVersion = "Xcode 3.2";
			developmentRegion = English;
			hasScannedForEncodings = 0;
			knownRegions = (
				en,
				Base,
			);
			mainGroup = FA520AD71E6CC62D00AABE68;
			productRefGroup = FA520AE11E6CC62D00AABE68 /* Products */;
			projectDirPath = "";
			projectRoot = "";
			targets = (
				FA520ADF1E6CC62D00AABE68 /* lnd-gui */,
			);
		};
/* End PBXProject section */

/* Begin PBXResourcesBuildPhase section */
		FA520ADE1E6CC62D00AABE68 /* Resources */ = {
			isa = PBXResourcesBuildPhase;
			buildActionMask = 2147483647;
			files = (
				FA520AEB1E6CC62D00AABE68 /* Assets.xcassets in Resources */,
				FA520AEE1E6CC62D00AABE68 /* Main.storyboard in Resources */,
			);
			runOnlyForDeploymentPostprocessing = 0;
		};
/* End PBXResourcesBuildPhase section */

/* Begin PBXSourcesBuildPhase section */
		FA520ADC1E6CC62D00AABE68 /* Sources */ = {
			isa = PBXSourcesBuildPhase;
			buildActionMask = 2147483647;
			files = (
				FA07DB401E84CDBD00FEC042 /* Tokens.swift in Sources */,
				FAF93BB61EABE4C600864A6F /* WebSocket.swift in Sources */,
				FA759F9F1E6E74C70024DF80 /* MainViewController.swift in Sources */,
				FA65A3751EA2965B002B2A17 /* Transaction.swift in Sources */,
				FA6907661E76199C00F8A0F7 /* ReceiveViewController.swift in Sources */,
				FA520B121E6CC82B00AABE68 /* MainTabViewController.swift in Sources */,
				FA520B171E6CDB1F00AABE68 /* SendViewController.swift in Sources */,
				FA7857EC1E91CE7800E834D3 /* ReceivedPayment.swift in Sources */,
				FADD7C9B1EA5C49B00FEA12C /* ChainWalletViewController.swift in Sources */,
				FA65A3801EA32A60002B2A17 /* PublicKey.swift in Sources */,
				FA65A3791EA3246B002B2A17 /* Channel.swift in Sources */,
				FA7A72241E94A1FD000DA993 /* ConnectionsViewController.swift in Sources */,
				FA7857EE1E91F41A00E834D3 /* Invoice.swift in Sources */,
				2157F7611E8851CD00847E4C /* TaskQueue.swift in Sources */,
				FA65A37B1EA32918002B2A17 /* Outpoint.swift in Sources */,
				FAEDC31F1EB50AAD007DE94F /* README.md in Sources */,
				FABF354D1EB8286C00D8AC13 /* TransactionStatusCell.swift in Sources */,
				FA9C756D1EA86EFF00B881AF /* AddPeerViewController.swift in Sources */,
				FAEDC31D1EB5080C007DE94F /* Data+asHexString.swift in Sources */,
				FA65A3731EA291D1002B2A17 /* Peer.swift in Sources */,
				FA65A3771EA3239C002B2A17 /* Connection.swift in Sources */,
				FA65A37D1EA3292B002B2A17 /* TransactionHash.swift in Sources */,
				FAEDC31B1EB503B5007DE94F /* String+asDataFromHexEncoding.swift in Sources */,
				FA520AE91E6CC62D00AABE68 /* lnd_gui.xcdatamodeld in Sources */,
				FA520AE41E6CC62D00AABE68 /* AppDelegate.swift in Sources */,
				FAEE139D1E748571005B7A55 /* TransactionsViewController.swift in Sources */,
				2157F75E1E87349F00847E4C /* BlockchainInfoViewController.swift in Sources */,
				FA520B151E6CCF1900AABE68 /* MainWindowController.swift in Sources */,
			);
			runOnlyForDeploymentPostprocessing = 0;
		};
/* End PBXSourcesBuildPhase section */

/* Begin PBXVariantGroup section */
		FA520AEC1E6CC62D00AABE68 /* Main.storyboard */ = {
			isa = PBXVariantGroup;
			children = (
				FA520AED1E6CC62D00AABE68 /* Base */,
			);
			name = Main.storyboard;
			sourceTree = "<group>";
		};
/* End PBXVariantGroup section */

/* Begin XCBuildConfiguration section */
		FA520B061E6CC62D00AABE68 /* Debug */ = {
			isa = XCBuildConfiguration;
			buildSettings = {
				ALWAYS_SEARCH_USER_PATHS = NO;
				CLANG_ANALYZER_NONNULL = YES;
				CLANG_CXX_LANGUAGE_STANDARD = "gnu++0x";
				CLANG_CXX_LIBRARY = "libc++";
				CLANG_ENABLE_MODULES = YES;
				CLANG_ENABLE_OBJC_ARC = YES;
				CLANG_WARN_BOOL_CONVERSION = YES;
				CLANG_WARN_CONSTANT_CONVERSION = YES;
				CLANG_WARN_DIRECT_OBJC_ISA_USAGE = YES_ERROR;
				CLANG_WARN_DOCUMENTATION_COMMENTS = YES;
				CLANG_WARN_EMPTY_BODY = YES;
				CLANG_WARN_ENUM_CONVERSION = YES;
				CLANG_WARN_INFINITE_RECURSION = YES;
				CLANG_WARN_INT_CONVERSION = YES;
				CLANG_WARN_OBJC_ROOT_CLASS = YES_ERROR;
				CLANG_WARN_SUSPICIOUS_MOVE = YES;
				CLANG_WARN_UNREACHABLE_CODE = YES;
				CLANG_WARN__DUPLICATE_METHOD_MATCH = YES;
				CODE_SIGN_IDENTITY = "-";
				COPY_PHASE_STRIP = NO;
				DEBUG_INFORMATION_FORMAT = dwarf;
				ENABLE_STRICT_OBJC_MSGSEND = YES;
				ENABLE_TESTABILITY = YES;
				GCC_C_LANGUAGE_STANDARD = gnu99;
				GCC_DYNAMIC_NO_PIC = NO;
				GCC_NO_COMMON_BLOCKS = YES;
				GCC_OPTIMIZATION_LEVEL = 0;
				GCC_PREPROCESSOR_DEFINITIONS = (
					"DEBUG=1",
					"$(inherited)",
				);
				GCC_WARN_64_TO_32_BIT_CONVERSION = YES;
				GCC_WARN_ABOUT_RETURN_TYPE = YES_ERROR;
				GCC_WARN_UNDECLARED_SELECTOR = YES;
				GCC_WARN_UNINITIALIZED_AUTOS = YES_AGGRESSIVE;
				GCC_WARN_UNUSED_FUNCTION = YES;
				GCC_WARN_UNUSED_VARIABLE = YES;
				MACOSX_DEPLOYMENT_TARGET = 10.12;
				MTL_ENABLE_DEBUG_INFO = YES;
				ONLY_ACTIVE_ARCH = YES;
				SDKROOT = macosx;
				SWIFT_ACTIVE_COMPILATION_CONDITIONS = DEBUG;
				SWIFT_OPTIMIZATION_LEVEL = "-Onone";
			};
			name = Debug;
		};
		FA520B071E6CC62D00AABE68 /* Release */ = {
			isa = XCBuildConfiguration;
			buildSettings = {
				ALWAYS_SEARCH_USER_PATHS = NO;
				CLANG_ANALYZER_NONNULL = YES;
				CLANG_CXX_LANGUAGE_STANDARD = "gnu++0x";
				CLANG_CXX_LIBRARY = "libc++";
				CLANG_ENABLE_MODULES = YES;
				CLANG_ENABLE_OBJC_ARC = YES;
				CLANG_WARN_BOOL_CONVERSION = YES;
				CLANG_WARN_CONSTANT_CONVERSION = YES;
				CLANG_WARN_DIRECT_OBJC_ISA_USAGE = YES_ERROR;
				CLANG_WARN_DOCUMENTATION_COMMENTS = YES;
				CLANG_WARN_EMPTY_BODY = YES;
				CLANG_WARN_ENUM_CONVERSION = YES;
				CLANG_WARN_INFINITE_RECURSION = YES;
				CLANG_WARN_INT_CONVERSION = YES;
				CLANG_WARN_OBJC_ROOT_CLASS = YES_ERROR;
				CLANG_WARN_SUSPICIOUS_MOVE = YES;
				CLANG_WARN_UNREACHABLE_CODE = YES;
				CLANG_WARN__DUPLICATE_METHOD_MATCH = YES;
				CODE_SIGN_IDENTITY = "-";
				COPY_PHASE_STRIP = NO;
				DEBUG_INFORMATION_FORMAT = "dwarf-with-dsym";
				ENABLE_NS_ASSERTIONS = NO;
				ENABLE_STRICT_OBJC_MSGSEND = YES;
				GCC_C_LANGUAGE_STANDARD = gnu99;
				GCC_NO_COMMON_BLOCKS = YES;
				GCC_WARN_64_TO_32_BIT_CONVERSION = YES;
				GCC_WARN_ABOUT_RETURN_TYPE = YES_ERROR;
				GCC_WARN_UNDECLARED_SELECTOR = YES;
				GCC_WARN_UNINITIALIZED_AUTOS = YES_AGGRESSIVE;
				GCC_WARN_UNUSED_FUNCTION = YES;
				GCC_WARN_UNUSED_VARIABLE = YES;
				MACOSX_DEPLOYMENT_TARGET = 10.12;
				MTL_ENABLE_DEBUG_INFO = NO;
				SDKROOT = macosx;
				SWIFT_OPTIMIZATION_LEVEL = "-Owholemodule";
			};
			name = Release;
		};
		FA520B091E6CC62D00AABE68 /* Debug */ = {
			isa = XCBuildConfiguration;
			buildSettings = {
				ASSETCATALOG_COMPILER_APPICON_NAME = AppIcon;
				COMBINE_HIDPI_IMAGES = YES;
				DEVELOPMENT_TEAM = 726K4AHK5D;
				INFOPLIST_FILE = "lnd-gui/Info.plist";
				LD_RUNPATH_SEARCH_PATHS = "$(inherited) @executable_path/../Frameworks";
				PRODUCT_BUNDLE_IDENTIFIER = "adylitica.lnd-gui";
				PRODUCT_NAME = "$(TARGET_NAME)";
				SWIFT_VERSION = 3.0;
			};
			name = Debug;
		};
		FA520B0A1E6CC62D00AABE68 /* Release */ = {
			isa = XCBuildConfiguration;
			buildSettings = {
				ASSETCATALOG_COMPILER_APPICON_NAME = AppIcon;
				COMBINE_HIDPI_IMAGES = YES;
				DEVELOPMENT_TEAM = 726K4AHK5D;
				INFOPLIST_FILE = "lnd-gui/Info.plist";
				LD_RUNPATH_SEARCH_PATHS = "$(inherited) @executable_path/../Frameworks";
				PRODUCT_BUNDLE_IDENTIFIER = "adylitica.lnd-gui";
				PRODUCT_NAME = "$(TARGET_NAME)";
				SWIFT_VERSION = 3.0;
			};
			name = Release;
		};
/* End XCBuildConfiguration section */

/* Begin XCConfigurationList section */
		FA520ADB1E6CC62D00AABE68 /* Build configuration list for PBXProject "lnd-gui" */ = {
			isa = XCConfigurationList;
			buildConfigurations = (
				FA520B061E6CC62D00AABE68 /* Debug */,
				FA520B071E6CC62D00AABE68 /* Release */,
			);
			defaultConfigurationIsVisible = 0;
			defaultConfigurationName = Release;
		};
		FA520B081E6CC62D00AABE68 /* Build configuration list for PBXNativeTarget "lnd-gui" */ = {
			isa = XCConfigurationList;
			buildConfigurations = (
				FA520B091E6CC62D00AABE68 /* Debug */,
				FA520B0A1E6CC62D00AABE68 /* Release */,
			);
			defaultConfigurationIsVisible = 0;
			defaultConfigurationName = Release;
		};
/* End XCConfigurationList section */

/* Begin XCVersionGroup section */
		FA520AE71E6CC62D00AABE68 /* lnd_gui.xcdatamodeld */ = {
			isa = XCVersionGroup;
			children = (
				FA520AE81E6CC62D00AABE68 /* lnd_gui.xcdatamodel */,
			);
			currentVersion = FA520AE81E6CC62D00AABE68 /* lnd_gui.xcdatamodel */;
			path = lnd_gui.xcdatamodeld;
			sourceTree = "<group>";
			versionGroupType = wrapper.xcdatamodel;
		};
/* End XCVersionGroup section */
	};
	rootObject = FA520AD81E6CC62D00AABE68 /* Project object */;
}
