// !$*UTF8*$!
{
	archiveVersion = 1;
	classes = {
	};
	objectVersion = 46;
	objects = {

/* Begin PBXBuildFile section */
		2157F75E1E87349F00847E4C /* BlockchainInfoViewController.swift in Sources */ = {isa = PBXBuildFile; fileRef = 2157F75D1E87349F00847E4C /* BlockchainInfoViewController.swift */; };
		2157F7611E8851CD00847E4C /* TaskQueue.swift in Sources */ = {isa = PBXBuildFile; fileRef = 2157F7601E8851CD00847E4C /* TaskQueue.swift */; };
		FA02FB541ECD3C6600FAC332 /* Payment.storyboard in Resources */ = {isa = PBXBuildFile; fileRef = FA02FB531ECD3C6600FAC332 /* Payment.storyboard */; };
		FA02FB561ECD44EB00FAC332 /* PaymentViewController.swift in Sources */ = {isa = PBXBuildFile; fileRef = FA02FB551ECD44EB00FAC332 /* PaymentViewController.swift */; };
		FA07DB401E84CDBD00FEC042 /* Tokens.swift in Sources */ = {isa = PBXBuildFile; fileRef = FA07DB3F1E84CDBD00FEC042 /* Tokens.swift */; };
		FA0E27BB1EC92EF500734661 /* InvoiceViewController.swift in Sources */ = {isa = PBXBuildFile; fileRef = FA0E27BA1EC92EF500734661 /* InvoiceViewController.swift */; };
		FA0E27BE1EC92F7200734661 /* Invoice.storyboard in Resources */ = {isa = PBXBuildFile; fileRef = FA0E27BD1EC92F7200734661 /* Invoice.storyboard */; };
		FA35527E1F0C5D9F00BAE305 /* BlockchainInfo.storyboard in Resources */ = {isa = PBXBuildFile; fileRef = FA35527D1F0C5D9F00BAE305 /* BlockchainInfo.storyboard */; };
		FA3FF8F71EEE305E001D5A94 /* CurrencyAmount.swift in Sources */ = {isa = PBXBuildFile; fileRef = FA3FF8F61EEE305E001D5A94 /* CurrencyAmount.swift */; };
		FA4097521ED105B4000F667F /* StoryboardIdentifier.swift in Sources */ = {isa = PBXBuildFile; fileRef = FA4097511ED105B4000F667F /* StoryboardIdentifier.swift */; };
		FA4097541ED12CC1000F667F /* Date+formatted.swift in Sources */ = {isa = PBXBuildFile; fileRef = FA4097531ED12CC1000F667F /* Date+formatted.swift */; };
		FA496C391EBAD82C0080FC7C /* Sequence+Unique.swift in Sources */ = {isa = PBXBuildFile; fileRef = FA496C381EBAD82C0080FC7C /* Sequence+Unique.swift */; };
		FA496C3D1EBADDB70080FC7C /* Wallet.swift in Sources */ = {isa = PBXBuildFile; fileRef = FA496C3C1EBADDB70080FC7C /* Wallet.swift */; };
		FA512B621F0DED3800C556D3 /* DataValueBacked.swift in Sources */ = {isa = PBXBuildFile; fileRef = FA512B611F0DED3800C556D3 /* DataValueBacked.swift */; };
		FA520AE41E6CC62D00AABE68 /* AppDelegate.swift in Sources */ = {isa = PBXBuildFile; fileRef = FA520AE31E6CC62D00AABE68 /* AppDelegate.swift */; };
		FA520AE91E6CC62D00AABE68 /* lnd_gui.xcdatamodeld in Sources */ = {isa = PBXBuildFile; fileRef = FA520AE71E6CC62D00AABE68 /* lnd_gui.xcdatamodeld */; };
		FA520AEB1E6CC62D00AABE68 /* Assets.xcassets in Resources */ = {isa = PBXBuildFile; fileRef = FA520AEA1E6CC62D00AABE68 /* Assets.xcassets */; };
		FA520AEE1E6CC62D00AABE68 /* Main.storyboard in Resources */ = {isa = PBXBuildFile; fileRef = FA520AEC1E6CC62D00AABE68 /* Main.storyboard */; };
		FA520B121E6CC82B00AABE68 /* MainTabViewController.swift in Sources */ = {isa = PBXBuildFile; fileRef = FA520B111E6CC82B00AABE68 /* MainTabViewController.swift */; };
		FA520B151E6CCF1900AABE68 /* MainWindowController.swift in Sources */ = {isa = PBXBuildFile; fileRef = FA520B141E6CCF1900AABE68 /* MainWindowController.swift */; };
		FA520B171E6CDB1F00AABE68 /* SendViewController.swift in Sources */ = {isa = PBXBuildFile; fileRef = FA520B161E6CDB1F00AABE68 /* SendViewController.swift */; };
		FA5E64241ED544B500050C81 /* CurrencyType.swift in Sources */ = {isa = PBXBuildFile; fileRef = FA5E64231ED544B500050C81 /* CurrencyType.swift */; };
		FA65A3731EA291D1002B2A17 /* Peer.swift in Sources */ = {isa = PBXBuildFile; fileRef = FA65A3721EA291D1002B2A17 /* Peer.swift */; };
		FA65A3751EA2965B002B2A17 /* Transaction.swift in Sources */ = {isa = PBXBuildFile; fileRef = FA65A3741EA2965B002B2A17 /* Transaction.swift */; };
		FA65A3771EA3239C002B2A17 /* Connection.swift in Sources */ = {isa = PBXBuildFile; fileRef = FA65A3761EA3239C002B2A17 /* Connection.swift */; };
		FA65A3791EA3246B002B2A17 /* Channel.swift in Sources */ = {isa = PBXBuildFile; fileRef = FA65A3781EA3246B002B2A17 /* Channel.swift */; };
		FA65A37B1EA32918002B2A17 /* Outpoint.swift in Sources */ = {isa = PBXBuildFile; fileRef = FA65A37A1EA32918002B2A17 /* Outpoint.swift */; };
		FA65A37D1EA3292B002B2A17 /* TransactionHash.swift in Sources */ = {isa = PBXBuildFile; fileRef = FA65A37C1EA3292B002B2A17 /* TransactionHash.swift */; };
		FA65A3801EA32A60002B2A17 /* PublicKey.swift in Sources */ = {isa = PBXBuildFile; fileRef = FA65A37F1EA32A60002B2A17 /* PublicKey.swift */; };
		FA6907661E76199C00F8A0F7 /* ReceiveViewController.swift in Sources */ = {isa = PBXBuildFile; fileRef = FA6907641E76199C00F8A0F7 /* ReceiveViewController.swift */; };
		FA719F3D1EB9884D0080F67E /* JsonInitialized.swift in Sources */ = {isa = PBXBuildFile; fileRef = FA719F3C1EB9884D0080F67E /* JsonInitialized.swift */; };
		FA719F3F1EB988E70080F67E /* PaymentHash.swift in Sources */ = {isa = PBXBuildFile; fileRef = FA719F3E1EB988E70080F67E /* PaymentHash.swift */; };
		FA759F9F1E6E74C70024DF80 /* MainViewController.swift in Sources */ = {isa = PBXBuildFile; fileRef = FA759F9D1E6E74C70024DF80 /* MainViewController.swift */; };
		FA768BEE1F2D559900585388 /* Daemons.storyboard in Resources */ = {isa = PBXBuildFile; fileRef = FA768BED1F2D559900585388 /* Daemons.storyboard */; };
		FA768BF01F2D5FDD00585388 /* DaemonsViewController.swift in Sources */ = {isa = PBXBuildFile; fileRef = FA768BEF1F2D5FDD00585388 /* DaemonsViewController.swift */; };
		FA7857EC1E91CE7800E834D3 /* ReceivedPayment.swift in Sources */ = {isa = PBXBuildFile; fileRef = FA7857EB1E91CE7800E834D3 /* ReceivedPayment.swift */; };
		FA7857EE1E91F41A00E834D3 /* Invoice.swift in Sources */ = {isa = PBXBuildFile; fileRef = FA7857ED1E91F41A00E834D3 /* Invoice.swift */; };
		FA79A1931FC209130092A478 /* Daemon+getDecodedInvoice.swift in Sources */ = {isa = PBXBuildFile; fileRef = FA79A1921FC209120092A478 /* Daemon+getDecodedInvoice.swift */; };
		FA79A1951FC280880092A478 /* LICENSE.md in Resources */ = {isa = PBXBuildFile; fileRef = FA79A1941FC280880092A478 /* LICENSE.md */; };
		FA79A1971FC280FF0092A478 /* ChainSend.swift in Sources */ = {isa = PBXBuildFile; fileRef = FA79A1961FC280FF0092A478 /* ChainSend.swift */; };
		FA79A1991FC281400092A478 /* Payment.swift in Sources */ = {isa = PBXBuildFile; fileRef = FA79A1981FC281400092A478 /* Payment.swift */; };
		FA7A72241E94A1FD000DA993 /* ConnectionsViewController.swift in Sources */ = {isa = PBXBuildFile; fileRef = FA7A72231E94A1FD000DA993 /* ConnectionsViewController.swift */; };
		FA97BA5D1F11B082009F6A96 /* BlockchainTransactionOutput.swift in Sources */ = {isa = PBXBuildFile; fileRef = FA97BA5C1F11B082009F6A96 /* BlockchainTransactionOutput.swift */; };
		FA97BA5F1F11B0AD009F6A96 /* BlockchainTransactionInput.swift in Sources */ = {isa = PBXBuildFile; fileRef = FA97BA5E1F11B0AD009F6A96 /* BlockchainTransactionInput.swift */; };
		FA97BA611F11B16E009F6A96 /* BlockchainTransaction.swift in Sources */ = {isa = PBXBuildFile; fileRef = FA97BA601F11B16E009F6A96 /* BlockchainTransaction.swift */; };
		FA9C756D1EA86EFF00B881AF /* AddPeerViewController.swift in Sources */ = {isa = PBXBuildFile; fileRef = FA9C756B1EA86EFF00B881AF /* AddPeerViewController.swift */; };
		FAA6E3CB1F380462004A7889 /* ConnectivityStatus.swift in Sources */ = {isa = PBXBuildFile; fileRef = FAA6E3CA1F380462004A7889 /* ConnectivityStatus.swift */; };
		FAA6E3CD1F38063B004A7889 /* WalletBalances.swift in Sources */ = {isa = PBXBuildFile; fileRef = FAA6E3CC1F38063B004A7889 /* WalletBalances.swift */; };
		FAA6E3CF1F3809F5004A7889 /* WalletObject.swift in Sources */ = {isa = PBXBuildFile; fileRef = FAA6E3CE1F3809F5004A7889 /* WalletObject.swift */; };
		FABEE76C1F242AD500277A80 /* Connections.storyboard in Resources */ = {isa = PBXBuildFile; fileRef = FABEE76B1F242AD500277A80 /* Connections.storyboard */; };
		FABEE76E1F25718500277A80 /* FiatConverting.swift in Sources */ = {isa = PBXBuildFile; fileRef = FABEE76D1F25718500277A80 /* FiatConverting.swift */; };
		FABF354D1EB8286C00D8AC13 /* TransactionStatusCell.swift in Sources */ = {isa = PBXBuildFile; fileRef = FABF354C1EB8286C00D8AC13 /* TransactionStatusCell.swift */; };
		FAD9C0931EC2B2AF00B10888 /* EncodedInvoice.swift in Sources */ = {isa = PBXBuildFile; fileRef = FAD9C0921EC2B2AF00B10888 /* EncodedInvoice.swift */; };
		FAE422DF1EF6FB3C006197A8 /* CurrencyTypeMenuItem.swift in Sources */ = {isa = PBXBuildFile; fileRef = FAE422DE1EF6FB3C006197A8 /* CurrencyTypeMenuItem.swift */; };
		FAEDC31B1EB503B5007DE94F /* String+asDataFromHexEncoding.swift in Sources */ = {isa = PBXBuildFile; fileRef = FAEDC31A1EB503B5007DE94F /* String+asDataFromHexEncoding.swift */; };
		FAEDC31D1EB5080C007DE94F /* Data+asHexString.swift in Sources */ = {isa = PBXBuildFile; fileRef = FAEDC31C1EB5080C007DE94F /* Data+asHexString.swift */; };
		FAEE139D1E748571005B7A55 /* TransactionsViewController.swift in Sources */ = {isa = PBXBuildFile; fileRef = FAEE139C1E748571005B7A55 /* TransactionsViewController.swift */; };
		FAF017F11EBE925A008FEA13 /* IpAddress.swift in Sources */ = {isa = PBXBuildFile; fileRef = FAF017F01EBE925A008FEA13 /* IpAddress.swift */; };
		FAF017F41EBE9F21008FEA13 /* Daemon.swift in Sources */ = {isa = PBXBuildFile; fileRef = FAF017F31EBE9F21008FEA13 /* Daemon.swift */; };
		FAF017F61EC002EB008FEA13 /* SendOnChainViewController.swift in Sources */ = {isa = PBXBuildFile; fileRef = FAF017F51EC002EB008FEA13 /* SendOnChainViewController.swift */; };
		FAF017FA1EC01FA4008FEA13 /* CommitSendViewController.swift in Sources */ = {isa = PBXBuildFile; fileRef = FAF017F91EC01FA4008FEA13 /* CommitSendViewController.swift */; };
		FAF93BB41EABE49600864A6F /* libz.tbd in Frameworks */ = {isa = PBXBuildFile; fileRef = FAF93BB31EABE49600864A6F /* libz.tbd */; };
		FAF93BB61EABE4C600864A6F /* WebSocket.swift in Sources */ = {isa = PBXBuildFile; fileRef = FAF93BB51EABE4C600864A6F /* WebSocket.swift */; };
/* End PBXBuildFile section */

/* Begin PBXFileReference section */
		2157F75D1E87349F00847E4C /* BlockchainInfoViewController.swift */ = {isa = PBXFileReference; fileEncoding = 4; lastKnownFileType = sourcecode.swift; path = BlockchainInfoViewController.swift; sourceTree = "<group>"; };
		2157F7601E8851CD00847E4C /* TaskQueue.swift */ = {isa = PBXFileReference; fileEncoding = 4; lastKnownFileType = sourcecode.swift; name = TaskQueue.swift; path = Vendor/TaskQueue.swift; sourceTree = "<group>"; };
		FA02FB531ECD3C6600FAC332 /* Payment.storyboard */ = {isa = PBXFileReference; fileEncoding = 4; lastKnownFileType = file.storyboard; path = Payment.storyboard; sourceTree = "<group>"; };
		FA02FB551ECD44EB00FAC332 /* PaymentViewController.swift */ = {isa = PBXFileReference; fileEncoding = 4; lastKnownFileType = sourcecode.swift; name = PaymentViewController.swift; path = ViewControllers/PaymentViewController.swift; sourceTree = "<group>"; };
		FA07DB3F1E84CDBD00FEC042 /* Tokens.swift */ = {isa = PBXFileReference; fileEncoding = 4; lastKnownFileType = sourcecode.swift; path = Tokens.swift; sourceTree = "<group>"; };
		FA0E27BA1EC92EF500734661 /* InvoiceViewController.swift */ = {isa = PBXFileReference; fileEncoding = 4; lastKnownFileType = sourcecode.swift; name = InvoiceViewController.swift; path = ViewControllers/InvoiceViewController.swift; sourceTree = "<group>"; };
		FA0E27BD1EC92F7200734661 /* Invoice.storyboard */ = {isa = PBXFileReference; fileEncoding = 4; lastKnownFileType = file.storyboard; name = Invoice.storyboard; path = Storyboards/Invoice.storyboard; sourceTree = "<group>"; };
		FA35527D1F0C5D9F00BAE305 /* BlockchainInfo.storyboard */ = {isa = PBXFileReference; fileEncoding = 4; lastKnownFileType = file.storyboard; name = BlockchainInfo.storyboard; path = Storyboards/BlockchainInfo.storyboard; sourceTree = "<group>"; };
		FA3FF8F61EEE305E001D5A94 /* CurrencyAmount.swift */ = {isa = PBXFileReference; fileEncoding = 4; lastKnownFileType = sourcecode.swift; path = CurrencyAmount.swift; sourceTree = "<group>"; };
		FA4097511ED105B4000F667F /* StoryboardIdentifier.swift */ = {isa = PBXFileReference; fileEncoding = 4; lastKnownFileType = sourcecode.swift; name = StoryboardIdentifier.swift; path = Storyboards/StoryboardIdentifier.swift; sourceTree = "<group>"; };
		FA4097531ED12CC1000F667F /* Date+formatted.swift */ = {isa = PBXFileReference; fileEncoding = 4; lastKnownFileType = sourcecode.swift; name = "Date+formatted.swift"; path = "Types/Date+formatted.swift"; sourceTree = "<group>"; };
		FA496C381EBAD82C0080FC7C /* Sequence+Unique.swift */ = {isa = PBXFileReference; fileEncoding = 4; lastKnownFileType = sourcecode.swift; path = "Sequence+Unique.swift"; sourceTree = "<group>"; };
		FA496C3C1EBADDB70080FC7C /* Wallet.swift */ = {isa = PBXFileReference; fileEncoding = 4; lastKnownFileType = sourcecode.swift; name = Wallet.swift; path = Wallet/Wallet.swift; sourceTree = "<group>"; };
		FA512B611F0DED3800C556D3 /* DataValueBacked.swift */ = {isa = PBXFileReference; fileEncoding = 4; lastKnownFileType = sourcecode.swift; name = DataValueBacked.swift; path = Types/DataValueBacked.swift; sourceTree = "<group>"; };
		FA520AE01E6CC62D00AABE68 /* lnd-gui.app */ = {isa = PBXFileReference; explicitFileType = wrapper.application; includeInIndex = 0; path = "lnd-gui.app"; sourceTree = BUILT_PRODUCTS_DIR; };
		FA520AE31E6CC62D00AABE68 /* AppDelegate.swift */ = {isa = PBXFileReference; lastKnownFileType = sourcecode.swift; path = AppDelegate.swift; sourceTree = "<group>"; };
		FA520AE81E6CC62D00AABE68 /* lnd_gui.xcdatamodel */ = {isa = PBXFileReference; lastKnownFileType = wrapper.xcdatamodel; path = lnd_gui.xcdatamodel; sourceTree = "<group>"; };
		FA520AEA1E6CC62D00AABE68 /* Assets.xcassets */ = {isa = PBXFileReference; lastKnownFileType = folder.assetcatalog; path = Assets.xcassets; sourceTree = "<group>"; };
		FA520AED1E6CC62D00AABE68 /* Base */ = {isa = PBXFileReference; lastKnownFileType = file.storyboard; name = Base; path = Base.lproj/Main.storyboard; sourceTree = "<group>"; };
		FA520AEF1E6CC62D00AABE68 /* Info.plist */ = {isa = PBXFileReference; lastKnownFileType = text.plist.xml; path = Info.plist; sourceTree = "<group>"; };
		FA520B111E6CC82B00AABE68 /* MainTabViewController.swift */ = {isa = PBXFileReference; fileEncoding = 4; lastKnownFileType = sourcecode.swift; name = MainTabViewController.swift; path = NavigationControllers/MainTabViewController.swift; sourceTree = "<group>"; };
		FA520B141E6CCF1900AABE68 /* MainWindowController.swift */ = {isa = PBXFileReference; fileEncoding = 4; lastKnownFileType = sourcecode.swift; path = MainWindowController.swift; sourceTree = "<group>"; };
		FA520B161E6CDB1F00AABE68 /* SendViewController.swift */ = {isa = PBXFileReference; fileEncoding = 4; lastKnownFileType = sourcecode.swift; name = SendViewController.swift; path = ViewControllers/SendViewController.swift; sourceTree = "<group>"; };
		FA5E64231ED544B500050C81 /* CurrencyType.swift */ = {isa = PBXFileReference; fileEncoding = 4; lastKnownFileType = sourcecode.swift; path = CurrencyType.swift; sourceTree = "<group>"; };
		FA65A3721EA291D1002B2A17 /* Peer.swift */ = {isa = PBXFileReference; fileEncoding = 4; lastKnownFileType = sourcecode.swift; path = Peer.swift; sourceTree = "<group>"; };
		FA65A3741EA2965B002B2A17 /* Transaction.swift */ = {isa = PBXFileReference; fileEncoding = 4; lastKnownFileType = sourcecode.swift; path = Transaction.swift; sourceTree = "<group>"; };
		FA65A3761EA3239C002B2A17 /* Connection.swift */ = {isa = PBXFileReference; fileEncoding = 4; lastKnownFileType = sourcecode.swift; path = Connection.swift; sourceTree = "<group>"; };
		FA65A3781EA3246B002B2A17 /* Channel.swift */ = {isa = PBXFileReference; fileEncoding = 4; lastKnownFileType = sourcecode.swift; name = Channel.swift; path = Lightning/Channel.swift; sourceTree = "<group>"; };
		FA65A37A1EA32918002B2A17 /* Outpoint.swift */ = {isa = PBXFileReference; fileEncoding = 4; lastKnownFileType = sourcecode.swift; name = Outpoint.swift; path = Blockchain/Outpoint.swift; sourceTree = "<group>"; };
		FA65A37C1EA3292B002B2A17 /* TransactionHash.swift */ = {isa = PBXFileReference; fileEncoding = 4; lastKnownFileType = sourcecode.swift; path = TransactionHash.swift; sourceTree = "<group>"; };
		FA65A37F1EA32A60002B2A17 /* PublicKey.swift */ = {isa = PBXFileReference; fileEncoding = 4; lastKnownFileType = sourcecode.swift; path = PublicKey.swift; sourceTree = "<group>"; };
		FA6907641E76199C00F8A0F7 /* ReceiveViewController.swift */ = {isa = PBXFileReference; fileEncoding = 4; lastKnownFileType = sourcecode.swift; path = ReceiveViewController.swift; sourceTree = "<group>"; };
		FA719F3C1EB9884D0080F67E /* JsonInitialized.swift */ = {isa = PBXFileReference; fileEncoding = 4; lastKnownFileType = sourcecode.swift; name = JsonInitialized.swift; path = Types/JsonInitialized.swift; sourceTree = "<group>"; };
		FA719F3E1EB988E70080F67E /* PaymentHash.swift */ = {isa = PBXFileReference; fileEncoding = 4; lastKnownFileType = sourcecode.swift; path = PaymentHash.swift; sourceTree = "<group>"; };
		FA759F9D1E6E74C70024DF80 /* MainViewController.swift */ = {isa = PBXFileReference; fileEncoding = 4; lastKnownFileType = sourcecode.swift; name = MainViewController.swift; path = ViewControllers/MainViewController.swift; sourceTree = "<group>"; };
		FA768BED1F2D559900585388 /* Daemons.storyboard */ = {isa = PBXFileReference; fileEncoding = 4; lastKnownFileType = file.storyboard; name = Daemons.storyboard; path = Storyboards/Daemons.storyboard; sourceTree = "<group>"; };
		FA768BEF1F2D5FDD00585388 /* DaemonsViewController.swift */ = {isa = PBXFileReference; fileEncoding = 4; lastKnownFileType = sourcecode.swift; name = DaemonsViewController.swift; path = ViewControllers/DaemonsViewController.swift; sourceTree = "<group>"; };
		FA7857EB1E91CE7800E834D3 /* ReceivedPayment.swift */ = {isa = PBXFileReference; fileEncoding = 4; lastKnownFileType = sourcecode.swift; name = ReceivedPayment.swift; path = Lightning/ReceivedPayment.swift; sourceTree = "<group>"; };
		FA7857ED1E91F41A00E834D3 /* Invoice.swift */ = {isa = PBXFileReference; fileEncoding = 4; lastKnownFileType = sourcecode.swift; path = Invoice.swift; sourceTree = "<group>"; };
		FA79A1921FC209120092A478 /* Daemon+getDecodedInvoice.swift */ = {isa = PBXFileReference; lastKnownFileType = sourcecode.swift; name = "Daemon+getDecodedInvoice.swift"; path = "Daemon/Daemon+getDecodedInvoice.swift"; sourceTree = "<group>"; };
		FA79A1941FC280880092A478 /* LICENSE.md */ = {isa = PBXFileReference; lastKnownFileType = net.daringfireball.markdown; path = LICENSE.md; sourceTree = "<group>"; };
		FA79A1961FC280FF0092A478 /* ChainSend.swift */ = {isa = PBXFileReference; lastKnownFileType = sourcecode.swift; name = ChainSend.swift; path = Transactions/ChainSend.swift; sourceTree = "<group>"; };
		FA79A1981FC281400092A478 /* Payment.swift */ = {isa = PBXFileReference; lastKnownFileType = sourcecode.swift; name = Payment.swift; path = Transactions/Payment.swift; sourceTree = "<group>"; };
		FA7A72231E94A1FD000DA993 /* ConnectionsViewController.swift */ = {isa = PBXFileReference; fileEncoding = 4; lastKnownFileType = sourcecode.swift; path = ConnectionsViewController.swift; sourceTree = "<group>"; };
		FA97BA5C1F11B082009F6A96 /* BlockchainTransactionOutput.swift */ = {isa = PBXFileReference; fileEncoding = 4; lastKnownFileType = sourcecode.swift; name = BlockchainTransactionOutput.swift; path = Blockchain/BlockchainTransactionOutput.swift; sourceTree = "<group>"; };
		FA97BA5E1F11B0AD009F6A96 /* BlockchainTransactionInput.swift */ = {isa = PBXFileReference; fileEncoding = 4; lastKnownFileType = sourcecode.swift; path = BlockchainTransactionInput.swift; sourceTree = "<group>"; };
		FA97BA601F11B16E009F6A96 /* BlockchainTransaction.swift */ = {isa = PBXFileReference; fileEncoding = 4; lastKnownFileType = sourcecode.swift; name = BlockchainTransaction.swift; path = Blockchain/BlockchainTransaction.swift; sourceTree = "<group>"; };
		FA9C756B1EA86EFF00B881AF /* AddPeerViewController.swift */ = {isa = PBXFileReference; fileEncoding = 4; lastKnownFileType = sourcecode.swift; path = AddPeerViewController.swift; sourceTree = "<group>"; };
		FAA6E3CA1F380462004A7889 /* ConnectivityStatus.swift */ = {isa = PBXFileReference; fileEncoding = 4; lastKnownFileType = sourcecode.swift; path = ConnectivityStatus.swift; sourceTree = "<group>"; };
		FAA6E3CC1F38063B004A7889 /* WalletBalances.swift */ = {isa = PBXFileReference; fileEncoding = 4; lastKnownFileType = sourcecode.swift; path = WalletBalances.swift; sourceTree = "<group>"; };
		FAA6E3CE1F3809F5004A7889 /* WalletObject.swift */ = {isa = PBXFileReference; fileEncoding = 4; lastKnownFileType = sourcecode.swift; name = WalletObject.swift; path = Wallet/WalletObject.swift; sourceTree = "<group>"; };
		FABEE76B1F242AD500277A80 /* Connections.storyboard */ = {isa = PBXFileReference; fileEncoding = 4; lastKnownFileType = file.storyboard; name = Connections.storyboard; path = Storyboards/Connections.storyboard; sourceTree = "<group>"; };
		FABEE76D1F25718500277A80 /* FiatConverting.swift */ = {isa = PBXFileReference; fileEncoding = 4; lastKnownFileType = sourcecode.swift; name = FiatConverting.swift; path = Currency/FiatConverting.swift; sourceTree = "<group>"; };
		FABF354C1EB8286C00D8AC13 /* TransactionStatusCell.swift */ = {isa = PBXFileReference; fileEncoding = 4; lastKnownFileType = sourcecode.swift; name = TransactionStatusCell.swift; path = Views/TransactionStatusCell.swift; sourceTree = "<group>"; };
		FAD9C0921EC2B2AF00B10888 /* EncodedInvoice.swift */ = {isa = PBXFileReference; fileEncoding = 4; lastKnownFileType = sourcecode.swift; name = EncodedInvoice.swift; path = Lightning/EncodedInvoice.swift; sourceTree = "<group>"; };
		FAE422DE1EF6FB3C006197A8 /* CurrencyTypeMenuItem.swift */ = {isa = PBXFileReference; fileEncoding = 4; lastKnownFileType = sourcecode.swift; name = CurrencyTypeMenuItem.swift; path = Views/CurrencyTypeMenuItem.swift; sourceTree = "<group>"; };
		FAEDC31A1EB503B5007DE94F /* String+asDataFromHexEncoding.swift */ = {isa = PBXFileReference; fileEncoding = 4; lastKnownFileType = sourcecode.swift; name = "String+asDataFromHexEncoding.swift"; path = "Types/String+asDataFromHexEncoding.swift"; sourceTree = "<group>"; };
		FAEDC31C1EB5080C007DE94F /* Data+asHexString.swift */ = {isa = PBXFileReference; fileEncoding = 4; lastKnownFileType = sourcecode.swift; path = "Data+asHexString.swift"; sourceTree = "<group>"; };
		FAEDC31E1EB50AAD007DE94F /* README.md */ = {isa = PBXFileReference; fileEncoding = 4; lastKnownFileType = net.daringfireball.markdown; path = README.md; sourceTree = "<group>"; };
		FAEE139C1E748571005B7A55 /* TransactionsViewController.swift */ = {isa = PBXFileReference; fileEncoding = 4; lastKnownFileType = sourcecode.swift; name = TransactionsViewController.swift; path = ViewControllers/TransactionsViewController.swift; sourceTree = "<group>"; };
		FAF017F01EBE925A008FEA13 /* IpAddress.swift */ = {isa = PBXFileReference; fileEncoding = 4; lastKnownFileType = sourcecode.swift; name = IpAddress.swift; path = Networking/IpAddress.swift; sourceTree = "<group>"; };
		FAF017F31EBE9F21008FEA13 /* Daemon.swift */ = {isa = PBXFileReference; fileEncoding = 4; lastKnownFileType = sourcecode.swift; path = Daemon.swift; sourceTree = "<group>"; };
		FAF017F51EC002EB008FEA13 /* SendOnChainViewController.swift */ = {isa = PBXFileReference; fileEncoding = 4; lastKnownFileType = sourcecode.swift; name = SendOnChainViewController.swift; path = ViewControllers/SendOnChainViewController.swift; sourceTree = "<group>"; };
		FAF017F91EC01FA4008FEA13 /* CommitSendViewController.swift */ = {isa = PBXFileReference; fileEncoding = 4; lastKnownFileType = sourcecode.swift; name = CommitSendViewController.swift; path = ViewControllers/CommitSendViewController.swift; sourceTree = "<group>"; };
		FAF93BB31EABE49600864A6F /* libz.tbd */ = {isa = PBXFileReference; lastKnownFileType = "sourcecode.text-based-dylib-definition"; name = libz.tbd; path = usr/lib/libz.tbd; sourceTree = SDKROOT; };
		FAF93BB51EABE4C600864A6F /* WebSocket.swift */ = {isa = PBXFileReference; fileEncoding = 4; lastKnownFileType = sourcecode.swift; path = WebSocket.swift; sourceTree = "<group>"; };
/* End PBXFileReference section */

/* Begin PBXFrameworksBuildPhase section */
		FA520ADD1E6CC62D00AABE68 /* Frameworks */ = {
			isa = PBXFrameworksBuildPhase;
			buildActionMask = 2147483647;
			files = (
				FAF93BB41EABE49600864A6F /* libz.tbd in Frameworks */,
			);
			runOnlyForDeploymentPostprocessing = 0;
		};
/* End PBXFrameworksBuildPhase section */

/* Begin PBXGroup section */
		2157F75F1E8851BB00847E4C /* Vendor */ = {
			isa = PBXGroup;
			children = (
				2157F7601E8851CD00847E4C /* TaskQueue.swift */,
				FAF93BB51EABE4C600864A6F /* WebSocket.swift */,
			);
			name = Vendor;
			sourceTree = "<group>";
		};
		FA07DB3E1E84CCE800FEC042 /* Blockchain */ = {
			isa = PBXGroup;
			children = (
				FA97BA601F11B16E009F6A96 /* BlockchainTransaction.swift */,
				FA97BA5E1F11B0AD009F6A96 /* BlockchainTransactionInput.swift */,
				FA97BA5C1F11B082009F6A96 /* BlockchainTransactionOutput.swift */,
				FA65A37A1EA32918002B2A17 /* Outpoint.swift */,
				FA07DB3F1E84CDBD00FEC042 /* Tokens.swift */,
				FA65A37C1EA3292B002B2A17 /* TransactionHash.swift */,
			);
			name = Blockchain;
			sourceTree = "<group>";
		};
		FA0E27BC1EC92F3300734661 /* Storyboards */ = {
			isa = PBXGroup;
			children = (
				FA35527D1F0C5D9F00BAE305 /* BlockchainInfo.storyboard */,
				FABEE76B1F242AD500277A80 /* Connections.storyboard */,
				FA768BED1F2D559900585388 /* Daemons.storyboard */,
				FA0E27BD1EC92F7200734661 /* Invoice.storyboard */,
				FA520AEC1E6CC62D00AABE68 /* Main.storyboard */,
				FA02FB531ECD3C6600FAC332 /* Payment.storyboard */,
				FA4097511ED105B4000F667F /* StoryboardIdentifier.swift */,
			);
			name = Storyboards;
			sourceTree = "<group>";
		};
		FA496C3A1EBADD140080FC7C /* Transactions */ = {
			isa = PBXGroup;
			children = (
				FA79A1961FC280FF0092A478 /* ChainSend.swift */,
				FA79A1981FC281400092A478 /* Payment.swift */,
				FA65A3741EA2965B002B2A17 /* Transaction.swift */,
			);
			name = Transactions;
			sourceTree = "<group>";
		};
		FA496C3B1EBADD970080FC7C /* Wallet */ = {
			isa = PBXGroup;
			children = (
				FA496C3C1EBADDB70080FC7C /* Wallet.swift */,
				FAA6E3CC1F38063B004A7889 /* WalletBalances.swift */,
				FAA6E3CE1F3809F5004A7889 /* WalletObject.swift */,
			);
			name = Wallet;
			sourceTree = "<group>";
		};
		FA512B601F0DE98A00C556D3 /* Currency */ = {
			isa = PBXGroup;
			children = (
				FA5E64231ED544B500050C81 /* CurrencyType.swift */,
				FABEE76D1F25718500277A80 /* FiatConverting.swift */,
			);
			name = Currency;
			sourceTree = "<group>";
		};
		FA520AD71E6CC62D00AABE68 = {
			isa = PBXGroup;
			children = (
				FAF93BB21EABE49600864A6F /* Frameworks */,
				FA79A1941FC280880092A478 /* LICENSE.md */,
				FA520AE21E6CC62D00AABE68 /* lnd-gui */,
				FA520AE11E6CC62D00AABE68 /* Products */,
				FAEDC31E1EB50AAD007DE94F /* README.md */,
			);
			sourceTree = "<group>";
		};
		FA520AE11E6CC62D00AABE68 /* Products */ = {
			isa = PBXGroup;
			children = (
				FA520AE01E6CC62D00AABE68 /* lnd-gui.app */,
			);
			name = Products;
			sourceTree = "<group>";
		};
		FA520AE21E6CC62D00AABE68 /* lnd-gui */ = {
			isa = PBXGroup;
			children = (
				FA94CFE31EF6FFD300D0F3C1 /* Application */,
				FA520AEA1E6CC62D00AABE68 /* Assets.xcassets */,
				FA07DB3E1E84CCE800FEC042 /* Blockchain */,
				FA65A37E1EA32A49002B2A17 /* Crypto */,
				FA512B601F0DE98A00C556D3 /* Currency */,
				FAF017F21EBE9E68008FEA13 /* Daemon */,
				FA520AEF1E6CC62D00AABE68 /* Info.plist */,
				FA7857EA1E91CE5E00E834D3 /* Lightning */,
				FA520AE71E6CC62D00AABE68 /* lnd_gui.xcdatamodeld */,
				FA520B131E6CC83200AABE68 /* NavigationControllers */,
				FAF017EF1EBE9230008FEA13 /* Networking */,
				FA0E27BC1EC92F3300734661 /* Storyboards */,
				FA496C3A1EBADD140080FC7C /* Transactions */,
				FAEDC3191EB5038D007DE94F /* Types */,
				2157F75F1E8851BB00847E4C /* Vendor */,
				FA520B181E6CDB2400AABE68 /* ViewControllers */,
				FABF354B1EB8284D00D8AC13 /* Views */,
				FA496C3B1EBADD970080FC7C /* Wallet */,
			);
			path = "lnd-gui";
			sourceTree = "<group>";
		};
		FA520B131E6CC83200AABE68 /* NavigationControllers */ = {
			isa = PBXGroup;
			children = (
				FA520B111E6CC82B00AABE68 /* MainTabViewController.swift */,
				FA520B141E6CCF1900AABE68 /* MainWindowController.swift */,
			);
			name = NavigationControllers;
			sourceTree = "<group>";
		};
		FA520B181E6CDB2400AABE68 /* ViewControllers */ = {
			isa = PBXGroup;
			children = (
				FA9C756B1EA86EFF00B881AF /* AddPeerViewController.swift */,
				2157F75D1E87349F00847E4C /* BlockchainInfoViewController.swift */,
				FAF017F91EC01FA4008FEA13 /* CommitSendViewController.swift */,
				FA7A72231E94A1FD000DA993 /* ConnectionsViewController.swift */,
				FA768BEF1F2D5FDD00585388 /* DaemonsViewController.swift */,
				FA0E27BA1EC92EF500734661 /* InvoiceViewController.swift */,
				FA759F9D1E6E74C70024DF80 /* MainViewController.swift */,
				FA02FB551ECD44EB00FAC332 /* PaymentViewController.swift */,
				FA6907641E76199C00F8A0F7 /* ReceiveViewController.swift */,
				FAF017F51EC002EB008FEA13 /* SendOnChainViewController.swift */,
				FA520B161E6CDB1F00AABE68 /* SendViewController.swift */,
				FAEE139C1E748571005B7A55 /* TransactionsViewController.swift */,
			);
			name = ViewControllers;
			sourceTree = "<group>";
		};
		FA65A37E1EA32A49002B2A17 /* Crypto */ = {
			isa = PBXGroup;
			children = (
				FA65A37F1EA32A60002B2A17 /* PublicKey.swift */,
			);
			name = Crypto;
			sourceTree = "<group>";
		};
		FA7857EA1E91CE5E00E834D3 /* Lightning */ = {
			isa = PBXGroup;
			children = (
				FA65A3781EA3246B002B2A17 /* Channel.swift */,
				FA65A3761EA3239C002B2A17 /* Connection.swift */,
				FA7857ED1E91F41A00E834D3 /* Invoice.swift */,
				FA719F3E1EB988E70080F67E /* PaymentHash.swift */,
				FAD9C0921EC2B2AF00B10888 /* EncodedInvoice.swift */,
				FA65A3721EA291D1002B2A17 /* Peer.swift */,
				FA7857EB1E91CE7800E834D3 /* ReceivedPayment.swift */,
			);
			name = Lightning;
			sourceTree = "<group>";
		};
		FA94CFE31EF6FFD300D0F3C1 /* Application */ = {
			isa = PBXGroup;
			children = (
				FA520AE31E6CC62D00AABE68 /* AppDelegate.swift */,
			);
			name = Application;
			sourceTree = "<group>";
		};
		FABF354B1EB8284D00D8AC13 /* Views */ = {
			isa = PBXGroup;
			children = (
				FAE422DE1EF6FB3C006197A8 /* CurrencyTypeMenuItem.swift */,
				FABF354C1EB8286C00D8AC13 /* TransactionStatusCell.swift */,
			);
			name = Views;
			sourceTree = "<group>";
		};
		FAEDC3191EB5038D007DE94F /* Types */ = {
			isa = PBXGroup;
			children = (
				FA3FF8F61EEE305E001D5A94 /* CurrencyAmount.swift */,
				FAEDC31C1EB5080C007DE94F /* Data+asHexString.swift */,
				FA4097531ED12CC1000F667F /* Date+formatted.swift */,
				FA719F3C1EB9884D0080F67E /* JsonInitialized.swift */,
				FA496C381EBAD82C0080FC7C /* Sequence+Unique.swift */,
				FAEDC31A1EB503B5007DE94F /* String+asDataFromHexEncoding.swift */,
				FA512B611F0DED3800C556D3 /* DataValueBacked.swift */,
			);
			name = Types;
			sourceTree = "<group>";
		};
		FAF017EF1EBE9230008FEA13 /* Networking */ = {
			isa = PBXGroup;
			children = (
				FAF017F01EBE925A008FEA13 /* IpAddress.swift */,
			);
			name = Networking;
			sourceTree = "<group>";
		};
		FAF017F21EBE9E68008FEA13 /* Daemon */ = {
			isa = PBXGroup;
			children = (
				FAF017F31EBE9F21008FEA13 /* Daemon.swift */,
				FAA6E3CA1F380462004A7889 /* ConnectivityStatus.swift */,
				FA79A1921FC209120092A478 /* Daemon+getDecodedInvoice.swift */,
			);
			name = Daemon;
			sourceTree = "<group>";
		};
		FAF93BB21EABE49600864A6F /* Frameworks */ = {
			isa = PBXGroup;
			children = (
				FAF93BB31EABE49600864A6F /* libz.tbd */,
			);
			name = Frameworks;
			sourceTree = "<group>";
		};
/* End PBXGroup section */

/* Begin PBXNativeTarget section */
		FA520ADF1E6CC62D00AABE68 /* lnd-gui */ = {
			isa = PBXNativeTarget;
			buildConfigurationList = FA520B081E6CC62D00AABE68 /* Build configuration list for PBXNativeTarget "lnd-gui" */;
			buildPhases = (
				FA520ADC1E6CC62D00AABE68 /* Sources */,
				FA520ADD1E6CC62D00AABE68 /* Frameworks */,
				FA520ADE1E6CC62D00AABE68 /* Resources */,
			);
			buildRules = (
			);
			dependencies = (
			);
			name = "lnd-gui";
			productName = "lnd-gui";
			productReference = FA520AE01E6CC62D00AABE68 /* lnd-gui.app */;
			productType = "com.apple.product-type.application";
		};
/* End PBXNativeTarget section */

/* Begin PBXProject section */
		FA520AD81E6CC62D00AABE68 /* Project object */ = {
			isa = PBXProject;
			attributes = {
				LastSwiftUpdateCheck = 0820;
				LastUpgradeCheck = 0910;
				ORGANIZATIONNAME = Adylitica;
				TargetAttributes = {
					FA520ADF1E6CC62D00AABE68 = {
						CreatedOnToolsVersion = 8.2.1;
						DevelopmentTeam = 726K4AHK5D;
						ProvisioningStyle = Automatic;
					};
				};
			};
			buildConfigurationList = FA520ADB1E6CC62D00AABE68 /* Build configuration list for PBXProject "lnd-gui" */;
			compatibilityVersion = "Xcode 3.2";
			developmentRegion = English;
			hasScannedForEncodings = 0;
			knownRegions = (
				en,
				Base,
			);
			mainGroup = FA520AD71E6CC62D00AABE68;
			productRefGroup = FA520AE11E6CC62D00AABE68 /* Products */;
			projectDirPath = "";
			projectRoot = "";
			targets = (
				FA520ADF1E6CC62D00AABE68 /* lnd-gui */,
			);
		};
/* End PBXProject section */

/* Begin PBXResourcesBuildPhase section */
		FA520ADE1E6CC62D00AABE68 /* Resources */ = {
			isa = PBXResourcesBuildPhase;
			buildActionMask = 2147483647;
			files = (
				FA520AEB1E6CC62D00AABE68 /* Assets.xcassets in Resources */,
				FA520AEE1E6CC62D00AABE68 /* Main.storyboard in Resources */,
				FABEE76C1F242AD500277A80 /* Connections.storyboard in Resources */,
				FA35527E1F0C5D9F00BAE305 /* BlockchainInfo.storyboard in Resources */,
				FA79A1951FC280880092A478 /* LICENSE.md in Resources */,
				FA0E27BE1EC92F7200734661 /* Invoice.storyboard in Resources */,
				FA02FB541ECD3C6600FAC332 /* Payment.storyboard in Resources */,
				FA768BEE1F2D559900585388 /* Daemons.storyboard in Resources */,
			);
			runOnlyForDeploymentPostprocessing = 0;
		};
/* End PBXResourcesBuildPhase section */

/* Begin PBXSourcesBuildPhase section */
		FA520ADC1E6CC62D00AABE68 /* Sources */ = {
			isa = PBXSourcesBuildPhase;
			buildActionMask = 2147483647;
			files = (
				FA97BA5F1F11B0AD009F6A96 /* BlockchainTransactionInput.swift in Sources */,
				FA07DB401E84CDBD00FEC042 /* Tokens.swift in Sources */,
				FAD9C0931EC2B2AF00B10888 /* EncodedInvoice.swift in Sources */,
				FAF93BB61EABE4C600864A6F /* WebSocket.swift in Sources */,
				FA496C391EBAD82C0080FC7C /* Sequence+Unique.swift in Sources */,
				FA759F9F1E6E74C70024DF80 /* MainViewController.swift in Sources */,
				FA65A3751EA2965B002B2A17 /* Transaction.swift in Sources */,
				FA6907661E76199C00F8A0F7 /* ReceiveViewController.swift in Sources */,
				FA520B121E6CC82B00AABE68 /* MainTabViewController.swift in Sources */,
				FAF017F11EBE925A008FEA13 /* IpAddress.swift in Sources */,
				FA512B621F0DED3800C556D3 /* DataValueBacked.swift in Sources */,
				FA520B171E6CDB1F00AABE68 /* SendViewController.swift in Sources */,
				FA7857EC1E91CE7800E834D3 /* ReceivedPayment.swift in Sources */,
				FA719F3F1EB988E70080F67E /* PaymentHash.swift in Sources */,
				FA79A1991FC281400092A478 /* Payment.swift in Sources */,
				FA65A3801EA32A60002B2A17 /* PublicKey.swift in Sources */,
				FAF017F41EBE9F21008FEA13 /* Daemon.swift in Sources */,
				FAE422DF1EF6FB3C006197A8 /* CurrencyTypeMenuItem.swift in Sources */,
				FA5E64241ED544B500050C81 /* CurrencyType.swift in Sources */,
				FA768BF01F2D5FDD00585388 /* DaemonsViewController.swift in Sources */,
				FABEE76E1F25718500277A80 /* FiatConverting.swift in Sources */,
				FA79A1931FC209130092A478 /* Daemon+getDecodedInvoice.swift in Sources */,
				FA65A3791EA3246B002B2A17 /* Channel.swift in Sources */,
				FAF017F61EC002EB008FEA13 /* SendOnChainViewController.swift in Sources */,
				FA7A72241E94A1FD000DA993 /* ConnectionsViewController.swift in Sources */,
				FA0E27BB1EC92EF500734661 /* InvoiceViewController.swift in Sources */,
				FA02FB561ECD44EB00FAC332 /* PaymentViewController.swift in Sources */,
				FAA6E3CD1F38063B004A7889 /* WalletBalances.swift in Sources */,
				FA7857EE1E91F41A00E834D3 /* Invoice.swift in Sources */,
				2157F7611E8851CD00847E4C /* TaskQueue.swift in Sources */,
				FAF017FA1EC01FA4008FEA13 /* CommitSendViewController.swift in Sources */,
				FA496C3D1EBADDB70080FC7C /* Wallet.swift in Sources */,
				FA65A37B1EA32918002B2A17 /* Outpoint.swift in Sources */,
				FA3FF8F71EEE305E001D5A94 /* CurrencyAmount.swift in Sources */,
				FAA6E3CF1F3809F5004A7889 /* WalletObject.swift in Sources */,
				FABF354D1EB8286C00D8AC13 /* TransactionStatusCell.swift in Sources */,
				FA97BA611F11B16E009F6A96 /* BlockchainTransaction.swift in Sources */,
				FA9C756D1EA86EFF00B881AF /* AddPeerViewController.swift in Sources */,
				FA4097541ED12CC1000F667F /* Date+formatted.swift in Sources */,
				FA79A1971FC280FF0092A478 /* ChainSend.swift in Sources */,
				FAA6E3CB1F380462004A7889 /* ConnectivityStatus.swift in Sources */,
				FAEDC31D1EB5080C007DE94F /* Data+asHexString.swift in Sources */,
				FA97BA5D1F11B082009F6A96 /* BlockchainTransactionOutput.swift in Sources */,
				FA65A3731EA291D1002B2A17 /* Peer.swift in Sources */,
				FA65A3771EA3239C002B2A17 /* Connection.swift in Sources */,
				FA65A37D1EA3292B002B2A17 /* TransactionHash.swift in Sources */,
				FA4097521ED105B4000F667F /* StoryboardIdentifier.swift in Sources */,
				FAEDC31B1EB503B5007DE94F /* String+asDataFromHexEncoding.swift in Sources */,
				FA520AE91E6CC62D00AABE68 /* lnd_gui.xcdatamodeld in Sources */,
				FA520AE41E6CC62D00AABE68 /* AppDelegate.swift in Sources */,
				FAEE139D1E748571005B7A55 /* TransactionsViewController.swift in Sources */,
				2157F75E1E87349F00847E4C /* BlockchainInfoViewController.swift in Sources */,
				FA520B151E6CCF1900AABE68 /* MainWindowController.swift in Sources */,
				FA719F3D1EB9884D0080F67E /* JsonInitialized.swift in Sources */,
			);
			runOnlyForDeploymentPostprocessing = 0;
		};
/* End PBXSourcesBuildPhase section */

/* Begin PBXVariantGroup section */
		FA520AEC1E6CC62D00AABE68 /* Main.storyboard */ = {
			isa = PBXVariantGroup;
			children = (
				FA520AED1E6CC62D00AABE68 /* Base */,
			);
			name = Main.storyboard;
			sourceTree = "<group>";
		};
/* End PBXVariantGroup section */

/* Begin XCBuildConfiguration section */
		FA520B061E6CC62D00AABE68 /* Debug */ = {
			isa = XCBuildConfiguration;
			buildSettings = {
				ALWAYS_SEARCH_USER_PATHS = NO;
				CLANG_ANALYZER_NONNULL = YES;
				CLANG_CXX_LANGUAGE_STANDARD = "gnu++0x";
				CLANG_CXX_LIBRARY = "libc++";
				CLANG_ENABLE_MODULES = YES;
				CLANG_ENABLE_OBJC_ARC = YES;
				CLANG_WARN_BLOCK_CAPTURE_AUTORELEASING = YES;
				CLANG_WARN_BOOL_CONVERSION = YES;
				CLANG_WARN_COMMA = YES;
				CLANG_WARN_CONSTANT_CONVERSION = YES;
				CLANG_WARN_DIRECT_OBJC_ISA_USAGE = YES_ERROR;
				CLANG_WARN_DOCUMENTATION_COMMENTS = YES;
				CLANG_WARN_EMPTY_BODY = YES;
				CLANG_WARN_ENUM_CONVERSION = YES;
				CLANG_WARN_INFINITE_RECURSION = YES;
				CLANG_WARN_INT_CONVERSION = YES;
				CLANG_WARN_NON_LITERAL_NULL_CONVERSION = YES;
				CLANG_WARN_OBJC_LITERAL_CONVERSION = YES;
				CLANG_WARN_OBJC_ROOT_CLASS = YES_ERROR;
				CLANG_WARN_RANGE_LOOP_ANALYSIS = YES;
				CLANG_WARN_STRICT_PROTOTYPES = YES;
				CLANG_WARN_SUSPICIOUS_MOVE = YES;
				CLANG_WARN_UNREACHABLE_CODE = YES;
				CLANG_WARN__DUPLICATE_METHOD_MATCH = YES;
				CODE_SIGN_IDENTITY = "-";
				COPY_PHASE_STRIP = NO;
				DEBUG_INFORMATION_FORMAT = dwarf;
				ENABLE_STRICT_OBJC_MSGSEND = YES;
				ENABLE_TESTABILITY = YES;
				GCC_C_LANGUAGE_STANDARD = gnu99;
				GCC_DYNAMIC_NO_PIC = NO;
				GCC_NO_COMMON_BLOCKS = YES;
				GCC_OPTIMIZATION_LEVEL = 0;
				GCC_PREPROCESSOR_DEFINITIONS = (
					"DEBUG=1",
					"$(inherited)",
				);
				GCC_WARN_64_TO_32_BIT_CONVERSION = YES;
				GCC_WARN_ABOUT_RETURN_TYPE = YES_ERROR;
				GCC_WARN_UNDECLARED_SELECTOR = YES;
				GCC_WARN_UNINITIALIZED_AUTOS = YES_AGGRESSIVE;
				GCC_WARN_UNUSED_FUNCTION = YES;
				GCC_WARN_UNUSED_VARIABLE = YES;
				MACOSX_DEPLOYMENT_TARGET = 10.12;
				MTL_ENABLE_DEBUG_INFO = YES;
				ONLY_ACTIVE_ARCH = YES;
				SDKROOT = macosx;
				SWIFT_ACTIVE_COMPILATION_CONDITIONS = DEBUG;
				SWIFT_OPTIMIZATION_LEVEL = "-Onone";
			};
			name = Debug;
		};
		FA520B071E6CC62D00AABE68 /* Release */ = {
			isa = XCBuildConfiguration;
			buildSettings = {
				ALWAYS_SEARCH_USER_PATHS = NO;
				CLANG_ANALYZER_NONNULL = YES;
				CLANG_CXX_LANGUAGE_STANDARD = "gnu++0x";
				CLANG_CXX_LIBRARY = "libc++";
				CLANG_ENABLE_MODULES = YES;
				CLANG_ENABLE_OBJC_ARC = YES;
				CLANG_WARN_BLOCK_CAPTURE_AUTORELEASING = YES;
				CLANG_WARN_BOOL_CONVERSION = YES;
				CLANG_WARN_COMMA = YES;
				CLANG_WARN_CONSTANT_CONVERSION = YES;
				CLANG_WARN_DIRECT_OBJC_ISA_USAGE = YES_ERROR;
				CLANG_WARN_DOCUMENTATION_COMMENTS = YES;
				CLANG_WARN_EMPTY_BODY = YES;
				CLANG_WARN_ENUM_CONVERSION = YES;
				CLANG_WARN_INFINITE_RECURSION = YES;
				CLANG_WARN_INT_CONVERSION = YES;
				CLANG_WARN_NON_LITERAL_NULL_CONVERSION = YES;
				CLANG_WARN_OBJC_LITERAL_CONVERSION = YES;
				CLANG_WARN_OBJC_ROOT_CLASS = YES_ERROR;
				CLANG_WARN_RANGE_LOOP_ANALYSIS = YES;
				CLANG_WARN_STRICT_PROTOTYPES = YES;
				CLANG_WARN_SUSPICIOUS_MOVE = YES;
				CLANG_WARN_UNREACHABLE_CODE = YES;
				CLANG_WARN__DUPLICATE_METHOD_MATCH = YES;
				CODE_SIGN_IDENTITY = "-";
				COPY_PHASE_STRIP = NO;
				DEBUG_INFORMATION_FORMAT = "dwarf-with-dsym";
				ENABLE_NS_ASSERTIONS = NO;
				ENABLE_STRICT_OBJC_MSGSEND = YES;
				GCC_C_LANGUAGE_STANDARD = gnu99;
				GCC_NO_COMMON_BLOCKS = YES;
				GCC_WARN_64_TO_32_BIT_CONVERSION = YES;
				GCC_WARN_ABOUT_RETURN_TYPE = YES_ERROR;
				GCC_WARN_UNDECLARED_SELECTOR = YES;
				GCC_WARN_UNINITIALIZED_AUTOS = YES_AGGRESSIVE;
				GCC_WARN_UNUSED_FUNCTION = YES;
				GCC_WARN_UNUSED_VARIABLE = YES;
				MACOSX_DEPLOYMENT_TARGET = 10.12;
				MTL_ENABLE_DEBUG_INFO = NO;
				SDKROOT = macosx;
				SWIFT_OPTIMIZATION_LEVEL = "-Owholemodule";
			};
			name = Release;
		};
		FA520B091E6CC62D00AABE68 /* Debug */ = {
			isa = XCBuildConfiguration;
			buildSettings = {
				ASSETCATALOG_COMPILER_APPICON_NAME = AppIcon;
				COMBINE_HIDPI_IMAGES = YES;
				DEVELOPMENT_TEAM = 726K4AHK5D;
				INFOPLIST_FILE = "lnd-gui/Info.plist";
				LD_RUNPATH_SEARCH_PATHS = "$(inherited) @executable_path/../Frameworks";
				PRODUCT_BUNDLE_IDENTIFIER = "adylitica.lnd-gui";
				PRODUCT_NAME = "$(TARGET_NAME)";
				SWIFT_VERSION = 3.0;
			};
			name = Debug;
		};
		FA520B0A1E6CC62D00AABE68 /* Release */ = {
			isa = XCBuildConfiguration;
			buildSettings = {
				ASSETCATALOG_COMPILER_APPICON_NAME = AppIcon;
				COMBINE_HIDPI_IMAGES = YES;
				DEVELOPMENT_TEAM = 726K4AHK5D;
				INFOPLIST_FILE = "lnd-gui/Info.plist";
				LD_RUNPATH_SEARCH_PATHS = "$(inherited) @executable_path/../Frameworks";
				PRODUCT_BUNDLE_IDENTIFIER = "adylitica.lnd-gui";
				PRODUCT_NAME = "$(TARGET_NAME)";
				SWIFT_VERSION = 3.0;
			};
			name = Release;
		};
/* End XCBuildConfiguration section */

/* Begin XCConfigurationList section */
		FA520ADB1E6CC62D00AABE68 /* Build configuration list for PBXProject "lnd-gui" */ = {
			isa = XCConfigurationList;
			buildConfigurations = (
				FA520B061E6CC62D00AABE68 /* Debug */,
				FA520B071E6CC62D00AABE68 /* Release */,
			);
			defaultConfigurationIsVisible = 0;
			defaultConfigurationName = Release;
		};
		FA520B081E6CC62D00AABE68 /* Build configuration list for PBXNativeTarget "lnd-gui" */ = {
			isa = XCConfigurationList;
			buildConfigurations = (
				FA520B091E6CC62D00AABE68 /* Debug */,
				FA520B0A1E6CC62D00AABE68 /* Release */,
			);
			defaultConfigurationIsVisible = 0;
			defaultConfigurationName = Release;
		};
/* End XCConfigurationList section */

/* Begin XCVersionGroup section */
		FA520AE71E6CC62D00AABE68 /* lnd_gui.xcdatamodeld */ = {
			isa = XCVersionGroup;
			children = (
				FA520AE81E6CC62D00AABE68 /* lnd_gui.xcdatamodel */,
			);
			currentVersion = FA520AE81E6CC62D00AABE68 /* lnd_gui.xcdatamodel */;
			path = lnd_gui.xcdatamodeld;
			sourceTree = "<group>";
			versionGroupType = wrapper.xcdatamodel;
		};
/* End XCVersionGroup section */
	};
	rootObject = FA520AD81E6CC62D00AABE68 /* Project object */;
}
